
Microsoft Visual Studio Solution File, Format Version 12.00
# Visual Studio Version 17
VisualStudioVersion = 17.12.35527.113
MinimumVisualStudioVersion = 10.0.40219.1
Project("{FAE04EC0-301F-11D3-BF4B-00C04F79EFBC}") = "IvyGameWPF", "IvyGameWPF\IvyGameWPF.csproj", "{ED7007EE-DA47-4B8D-8B2D-C0D53F1019BB}"
EndProject
Project("{FAE04EC0-301F-11D3-BF4B-00C04F79EFBC}") = "IvyGameLibrary", "IvyGameLibrary\IvyGameLibrary.csproj", "{F7B8D68B-8DFB-436C-91A6-1CCF9E06F688}"
EndProject
Project("{FAE04EC0-301F-11D3-BF4B-00C04F79EFBC}") = "IvyGameWinForms", "IvyGameWinForms\IvyGameWinForms.csproj", "{164E4E01-5951-4812-8550-1D6443E78880}"
EndProject
Global
	GlobalSection(SolutionConfigurationPlatforms) = preSolution
		Debug|Any CPU = Debug|Any CPU
		Release|Any CPU = Release|Any CPU
	EndGlobalSection
	GlobalSection(ProjectConfigurationPlatforms) = postSolution
		{ED7007EE-DA47-4B8D-8B2D-C0D53F1019BB}.Debug|Any CPU.ActiveCfg = Debug|Any CPU
		{ED7007EE-DA47-4B8D-8B2D-C0D53F1019BB}.Debug|Any CPU.Build.0 = Debug|Any CPU
		{ED7007EE-DA47-4B8D-8B2D-C0D53F1019BB}.Release|Any CPU.ActiveCfg = Release|Any CPU
		{ED7007EE-DA47-4B8D-8B2D-C0D53F1019BB}.Release|Any CPU.Build.0 = Release|Any CPU
		{F7B8D68B-8DFB-436C-91A6-1CCF9E06F688}.Debug|Any CPU.ActiveCfg = Debug|Any CPU
		{F7B8D68B-8DFB-436C-91A6-1CCF9E06F688}.Debug|Any CPU.Build.0 = Debug|Any CPU
		{F7B8D68B-8DFB-436C-91A6-1CCF9E06F688}.Release|Any CPU.ActiveCfg = Release|Any CPU
		{F7B8D68B-8DFB-436C-91A6-1CCF9E06F688}.Release|Any CPU.Build.0 = Release|Any CPU
		{164E4E01-5951-4812-8550-1D6443E78880}.Debug|Any CPU.ActiveCfg = Debug|Any CPU
		{164E4E01-5951-4812-8550-1D6443E78880}.Debug|Any CPU.Build.0 = Debug|Any CPU
		{164E4E01-5951-4812-8550-1D6443E78880}.Release|Any CPU.ActiveCfg = Release|Any CPU
		{164E4E01-5951-4812-8550-1D6443E78880}.Release|Any CPU.Build.0 = Release|Any CPU
	EndGlobalSection
	GlobalSection(SolutionProperties) = preSolution
		HideSolutionNode = FALSE
	EndGlobalSection
EndGlobal
